
Microsoft Visual Studio Solution File, Format Version 12.00
# Visual Studio Version 17
VisualStudioVersion = 17.5.33424.131
MinimumVisualStudioVersion = 10.0.40219.1
Project("{FAE04EC0-301F-11D3-BF4B-00C04F79EFBC}") = "FirstMVCProject", "FirstMVCProject.csproj", "{C5865AF7-EF7E-4E70-A21D-C76354305D37}"
EndProject
Global
	GlobalSection(SolutionConfigurationPlatforms) = preSolution
		Debug|Any CPU = Debug|Any CPU
		Release|Any CPU = Release|Any CPU
	EndGlobalSection
	GlobalSection(ProjectConfigurationPlatforms) = postSolution
		{C5865AF7-EF7E-4E70-A21D-C76354305D37}.Debug|Any CPU.ActiveCfg = Debug|Any CPU
		{C5865AF7-EF7E-4E70-A21D-C76354305D37}.Debug|Any CPU.Build.0 = Debug|Any CPU
		{C5865AF7-EF7E-4E70-A21D-C76354305D37}.Release|Any CPU.ActiveCfg = Release|Any CPU
		{C5865AF7-EF7E-4E70-A21D-C76354305D37}.Release|Any CPU.Build.0 = Release|Any CPU
	EndGlobalSection
	GlobalSection(SolutionProperties) = preSolution
		HideSolutionNode = FALSE
	EndGlobalSection
	GlobalSection(ExtensibilityGlobals) = postSolution
		SolutionGuid = {9149EF6A-DF87-4A82-98E7-2CE9F1B66186}
	EndGlobalSection
EndGlobal
